// !$*UTF8*$!
{
	archiveVersion = 1;
	classes = {
	};
	objectVersion = 55;
	objects = {

/* Begin PBXBuildFile section */
		1975EC01091EA76DC35B2611 /* Pods_MyCalendar.framework in Frameworks */ = {isa = PBXBuildFile; fileRef = 28BF95F5C88C787C8676F337 /* Pods_MyCalendar.framework */; };
		73E6E3E728CDCB6700A147A5 /* AppDelegate.swift in Sources */ = {isa = PBXBuildFile; fileRef = 73E6E3E628CDCB6700A147A5 /* AppDelegate.swift */; };
		73E6E3E928CDCB6700A147A5 /* SceneDelegate.swift in Sources */ = {isa = PBXBuildFile; fileRef = 73E6E3E828CDCB6700A147A5 /* SceneDelegate.swift */; };
		73E6E3EB28CDCB6700A147A5 /* ViewController.swift in Sources */ = {isa = PBXBuildFile; fileRef = 73E6E3EA28CDCB6700A147A5 /* ViewController.swift */; };
		73E6E3EE28CDCB6700A147A5 /* Main.storyboard in Resources */ = {isa = PBXBuildFile; fileRef = 73E6E3EC28CDCB6700A147A5 /* Main.storyboard */; };
		73E6E3F028CDCB6800A147A5 /* Assets.xcassets in Resources */ = {isa = PBXBuildFile; fileRef = 73E6E3EF28CDCB6800A147A5 /* Assets.xcassets */; };
		73E6E3F328CDCB6800A147A5 /* LaunchScreen.storyboard in Resources */ = {isa = PBXBuildFile; fileRef = 73E6E3F128CDCB6800A147A5 /* LaunchScreen.storyboard */; };
		73E6E3FB28CDCF7900A147A5 /* TestViewController.swift in Sources */ = {isa = PBXBuildFile; fileRef = 73E6E3FA28CDCF7900A147A5 /* TestViewController.swift */; };
		73E6E3FF28CDD54200A147A5 /* CommonEnum.swift in Sources */ = {isa = PBXBuildFile; fileRef = 73E6E3FE28CDD54200A147A5 /* CommonEnum.swift */; };
		73E6E40128CDD54700A147A5 /* TabBarViewController.swift in Sources */ = {isa = PBXBuildFile; fileRef = 73E6E40028CDD54700A147A5 /* TabBarViewController.swift */; };
		73E6E40328CDD5E500A147A5 /* ListViewController.swift in Sources */ = {isa = PBXBuildFile; fileRef = 73E6E40228CDD5E500A147A5 /* ListViewController.swift */; };
		73E6E40628CDD61F00A147A5 /* RoutineViewController.swift in Sources */ = {isa = PBXBuildFile; fileRef = 73E6E40528CDD61F00A147A5 /* RoutineViewController.swift */; };
/* End PBXBuildFile section */

/* Begin PBXFileReference section */
		1828238C86B6F7C6018D289F /* Pods-MyCalendar.debug.xcconfig */ = {isa = PBXFileReference; includeInIndex = 1; lastKnownFileType = text.xcconfig; name = "Pods-MyCalendar.debug.xcconfig"; path = "Target Support Files/Pods-MyCalendar/Pods-MyCalendar.debug.xcconfig"; sourceTree = "<group>"; };
		28BF95F5C88C787C8676F337 /* Pods_MyCalendar.framework */ = {isa = PBXFileReference; explicitFileType = wrapper.framework; includeInIndex = 0; path = Pods_MyCalendar.framework; sourceTree = BUILT_PRODUCTS_DIR; };
		73E6E3E328CDCB6700A147A5 /* MyCalendar.app */ = {isa = PBXFileReference; explicitFileType = wrapper.application; includeInIndex = 0; path = MyCalendar.app; sourceTree = BUILT_PRODUCTS_DIR; };
		73E6E3E628CDCB6700A147A5 /* AppDelegate.swift */ = {isa = PBXFileReference; lastKnownFileType = sourcecode.swift; path = AppDelegate.swift; sourceTree = "<group>"; };
		73E6E3E828CDCB6700A147A5 /* SceneDelegate.swift */ = {isa = PBXFileReference; lastKnownFileType = sourcecode.swift; path = SceneDelegate.swift; sourceTree = "<group>"; };
		73E6E3EA28CDCB6700A147A5 /* ViewController.swift */ = {isa = PBXFileReference; lastKnownFileType = sourcecode.swift; path = ViewController.swift; sourceTree = "<group>"; };
		73E6E3ED28CDCB6700A147A5 /* Base */ = {isa = PBXFileReference; lastKnownFileType = file.storyboard; name = Base; path = Base.lproj/Main.storyboard; sourceTree = "<group>"; };
		73E6E3EF28CDCB6800A147A5 /* Assets.xcassets */ = {isa = PBXFileReference; lastKnownFileType = folder.assetcatalog; path = Assets.xcassets; sourceTree = "<group>"; };
		73E6E3F228CDCB6800A147A5 /* Base */ = {isa = PBXFileReference; lastKnownFileType = file.storyboard; name = Base; path = Base.lproj/LaunchScreen.storyboard; sourceTree = "<group>"; };
		73E6E3F428CDCB6800A147A5 /* Info.plist */ = {isa = PBXFileReference; lastKnownFileType = text.plist.xml; path = Info.plist; sourceTree = "<group>"; };
		73E6E3FA28CDCF7900A147A5 /* TestViewController.swift */ = {isa = PBXFileReference; lastKnownFileType = sourcecode.swift; path = TestViewController.swift; sourceTree = "<group>"; };
		73E6E3FE28CDD54200A147A5 /* CommonEnum.swift */ = {isa = PBXFileReference; lastKnownFileType = sourcecode.swift; path = CommonEnum.swift; sourceTree = "<group>"; };
		73E6E40028CDD54700A147A5 /* TabBarViewController.swift */ = {isa = PBXFileReference; lastKnownFileType = sourcecode.swift; path = TabBarViewController.swift; sourceTree = "<group>"; };
		73E6E40228CDD5E500A147A5 /* ListViewController.swift */ = {isa = PBXFileReference; lastKnownFileType = sourcecode.swift; path = ListViewController.swift; sourceTree = "<group>"; };
		73E6E40528CDD61F00A147A5 /* RoutineViewController.swift */ = {isa = PBXFileReference; lastKnownFileType = sourcecode.swift; path = RoutineViewController.swift; sourceTree = "<group>"; };
		A6EE47853709371CF5D75C8B /* Pods-MyCalendar.release.xcconfig */ = {isa = PBXFileReference; includeInIndex = 1; lastKnownFileType = text.xcconfig; name = "Pods-MyCalendar.release.xcconfig"; path = "Target Support Files/Pods-MyCalendar/Pods-MyCalendar.release.xcconfig"; sourceTree = "<group>"; };
/* End PBXFileReference section */

/* Begin PBXFrameworksBuildPhase section */
		73E6E3E028CDCB6700A147A5 /* Frameworks */ = {
			isa = PBXFrameworksBuildPhase;
			buildActionMask = 2147483647;
			files = (
				1975EC01091EA76DC35B2611 /* Pods_MyCalendar.framework in Frameworks */,
			);
			runOnlyForDeploymentPostprocessing = 0;
		};
/* End PBXFrameworksBuildPhase section */

/* Begin PBXGroup section */
		459E4615C3775B23A65ADCB8 /* Frameworks */ = {
			isa = PBXGroup;
			children = (
				28BF95F5C88C787C8676F337 /* Pods_MyCalendar.framework */,
			);
			name = Frameworks;
			sourceTree = "<group>";
		};
		73E6E3DA28CDCB6700A147A5 = {
			isa = PBXGroup;
			children = (
				73E6E3E528CDCB6700A147A5 /* MyCalendar */,
				73E6E3E428CDCB6700A147A5 /* Products */,
				D643FAE2479AF3BDB0319F57 /* Pods */,
				459E4615C3775B23A65ADCB8 /* Frameworks */,
			);
			sourceTree = "<group>";
		};
		73E6E3E428CDCB6700A147A5 /* Products */ = {
			isa = PBXGroup;
			children = (
				73E6E3E328CDCB6700A147A5 /* MyCalendar.app */,
			);
			name = Products;
			sourceTree = "<group>";
		};
		73E6E3E528CDCB6700A147A5 /* MyCalendar */ = {
			isa = PBXGroup;
			children = (
				73E6E3E628CDCB6700A147A5 /* AppDelegate.swift */,
				73E6E3E828CDCB6700A147A5 /* SceneDelegate.swift */,
				73E6E3EA28CDCB6700A147A5 /* ViewController.swift */,
				73E6E3FA28CDCF7900A147A5 /* TestViewController.swift */,
				73E6E40228CDD5E500A147A5 /* ListViewController.swift */,
				73E6E40528CDD61F00A147A5 /* RoutineViewController.swift */,
				73E6E40428CDD5FF00A147A5 /* New Group */,
				73E6E3EC28CDCB6700A147A5 /* Main.storyboard */,
				73E6E3EF28CDCB6800A147A5 /* Assets.xcassets */,
				73E6E3F128CDCB6800A147A5 /* LaunchScreen.storyboard */,
				73E6E3F428CDCB6800A147A5 /* Info.plist */,
			);
			path = MyCalendar;
			sourceTree = "<group>";
		};
		73E6E40428CDD5FF00A147A5 /* New Group */ = {
			isa = PBXGroup;
			children = (
				73E6E40028CDD54700A147A5 /* TabBarViewController.swift */,
				73E6E3FE28CDD54200A147A5 /* CommonEnum.swift */,
			);
			path = "New Group";
			sourceTree = "<group>";
		};
		D643FAE2479AF3BDB0319F57 /* Pods */ = {
			isa = PBXGroup;
			children = (
				1828238C86B6F7C6018D289F /* Pods-MyCalendar.debug.xcconfig */,
				A6EE47853709371CF5D75C8B /* Pods-MyCalendar.release.xcconfig */,
			);
			path = Pods;
			sourceTree = "<group>";
		};
/* End PBXGroup section */

/* Begin PBXNativeTarget section */
		73E6E3E228CDCB6700A147A5 /* MyCalendar */ = {
			isa = PBXNativeTarget;
			buildConfigurationList = 73E6E3F728CDCB6800A147A5 /* Build configuration list for PBXNativeTarget "MyCalendar" */;
			buildPhases = (
				1AAE54F5A651590CD666EA6E /* [CP] Check Pods Manifest.lock */,
				73E6E3DF28CDCB6700A147A5 /* Sources */,
				73E6E3E028CDCB6700A147A5 /* Frameworks */,
				73E6E3E128CDCB6700A147A5 /* Resources */,
				2EB726B8DDE206142A0212CD /* [CP] Embed Pods Frameworks */,
			);
			buildRules = (
			);
			dependencies = (
			);
			name = MyCalendar;
			productName = MyCalendar;
			productReference = 73E6E3E328CDCB6700A147A5 /* MyCalendar.app */;
			productType = "com.apple.product-type.application";
		};
/* End PBXNativeTarget section */

/* Begin PBXProject section */
		73E6E3DB28CDCB6700A147A5 /* Project object */ = {
			isa = PBXProject;
			attributes = {
				BuildIndependentTargetsInParallel = 1;
				LastSwiftUpdateCheck = 1340;
				LastUpgradeCheck = 1340;
				TargetAttributes = {
					73E6E3E228CDCB6700A147A5 = {
						CreatedOnToolsVersion = 13.4.1;
					};
				};
			};
			buildConfigurationList = 73E6E3DE28CDCB6700A147A5 /* Build configuration list for PBXProject "MyCalendar" */;
			compatibilityVersion = "Xcode 13.0";
			developmentRegion = en;
			hasScannedForEncodings = 0;
			knownRegions = (
				en,
				Base,
			);
			mainGroup = 73E6E3DA28CDCB6700A147A5;
			productRefGroup = 73E6E3E428CDCB6700A147A5 /* Products */;
			projectDirPath = "";
			projectRoot = "";
			targets = (
				73E6E3E228CDCB6700A147A5 /* MyCalendar */,
			);
		};
/* End PBXProject section */

/* Begin PBXResourcesBuildPhase section */
		73E6E3E128CDCB6700A147A5 /* Resources */ = {
			isa = PBXResourcesBuildPhase;
			buildActionMask = 2147483647;
			files = (
				73E6E3F328CDCB6800A147A5 /* LaunchScreen.storyboard in Resources */,
				73E6E3F028CDCB6800A147A5 /* Assets.xcassets in Resources */,
				73E6E3EE28CDCB6700A147A5 /* Main.storyboard in Resources */,
			);
			runOnlyForDeploymentPostprocessing = 0;
		};
/* End PBXResourcesBuildPhase section */

/* Begin PBXShellScriptBuildPhase section */
		1AAE54F5A651590CD666EA6E /* [CP] Check Pods Manifest.lock */ = {
			isa = PBXShellScriptBuildPhase;
			buildActionMask = 2147483647;
			files = (
			);
			inputFileListPaths = (
			);
			inputPaths = (
				"${PODS_PODFILE_DIR_PATH}/Podfile.lock",
				"${PODS_ROOT}/Manifest.lock",
			);
			name = "[CP] Check Pods Manifest.lock";
			outputFileListPaths = (
			);
			outputPaths = (
				"$(DERIVED_FILE_DIR)/Pods-MyCalendar-checkManifestLockResult.txt",
			);
			runOnlyForDeploymentPostprocessing = 0;
			shellPath = /bin/sh;
			shellScript = "diff \"${PODS_PODFILE_DIR_PATH}/Podfile.lock\" \"${PODS_ROOT}/Manifest.lock\" > /dev/null\nif [ $? != 0 ] ; then\n    # print error to STDERR\n    echo \"error: The sandbox is not in sync with the Podfile.lock. Run 'pod install' or update your CocoaPods installation.\" >&2\n    exit 1\nfi\n# This output is used by Xcode 'outputs' to avoid re-running this script phase.\necho \"SUCCESS\" > \"${SCRIPT_OUTPUT_FILE_0}\"\n";
			showEnvVarsInLog = 0;
		};
		2EB726B8DDE206142A0212CD /* [CP] Embed Pods Frameworks */ = {
			isa = PBXShellScriptBuildPhase;
			buildActionMask = 2147483647;
			files = (
			);
			inputFileListPaths = (
				"${PODS_ROOT}/Target Support Files/Pods-MyCalendar/Pods-MyCalendar-frameworks-${CONFIGURATION}-input-files.xcfilelist",
			);
			name = "[CP] Embed Pods Frameworks";
			outputFileListPaths = (
				"${PODS_ROOT}/Target Support Files/Pods-MyCalendar/Pods-MyCalendar-frameworks-${CONFIGURATION}-output-files.xcfilelist",
			);
			runOnlyForDeploymentPostprocessing = 0;
			shellPath = /bin/sh;
			shellScript = "\"${PODS_ROOT}/Target Support Files/Pods-MyCalendar/Pods-MyCalendar-frameworks.sh\"\n";
			showEnvVarsInLog = 0;
		};
/* End PBXShellScriptBuildPhase section */

/* Begin PBXSourcesBuildPhase section */
		73E6E3DF28CDCB6700A147A5 /* Sources */ = {
			isa = PBXSourcesBuildPhase;
			buildActionMask = 2147483647;
			files = (
				73E6E3FF28CDD54200A147A5 /* CommonEnum.swift in Sources */,
				73E6E3EB28CDCB6700A147A5 /* ViewController.swift in Sources */,
				73E6E3E728CDCB6700A147A5 /* AppDelegate.swift in Sources */,
				73E6E40628CDD61F00A147A5 /* RoutineViewController.swift in Sources */,
				73E6E3FB28CDCF7900A147A5 /* TestViewController.swift in Sources */,
				73E6E40128CDD54700A147A5 /* TabBarViewController.swift in Sources */,
				73E6E3E928CDCB6700A147A5 /* SceneDelegate.swift in Sources */,
				73E6E40328CDD5E500A147A5 /* ListViewController.swift in Sources */,
			);
			runOnlyForDeploymentPostprocessing = 0;
		};
/* End PBXSourcesBuildPhase section */

/* Begin PBXVariantGroup section */
		73E6E3EC28CDCB6700A147A5 /* Main.storyboard */ = {
			isa = PBXVariantGroup;
			children = (
				73E6E3ED28CDCB6700A147A5 /* Base */,
			);
			name = Main.storyboard;
			sourceTree = "<group>";
		};
		73E6E3F128CDCB6800A147A5 /* LaunchScreen.storyboard */ = {
			isa = PBXVariantGroup;
			children = (
				73E6E3F228CDCB6800A147A5 /* Base */,
			);
			name = LaunchScreen.storyboard;
			sourceTree = "<group>";
		};
/* End PBXVariantGroup section */

/* Begin XCBuildConfiguration section */
		73E6E3F528CDCB6800A147A5 /* Debug */ = {
			isa = XCBuildConfiguration;
			buildSettings = {
				ALWAYS_SEARCH_USER_PATHS = NO;
				CLANG_ANALYZER_NONNULL = YES;
				CLANG_ANALYZER_NUMBER_OBJECT_CONVERSION = YES_AGGRESSIVE;
				CLANG_CXX_LANGUAGE_STANDARD = "gnu++17";
				CLANG_ENABLE_MODULES = YES;
				CLANG_ENABLE_OBJC_ARC = YES;
				CLANG_ENABLE_OBJC_WEAK = YES;
				CLANG_WARN_BLOCK_CAPTURE_AUTORELEASING = YES;
				CLANG_WARN_BOOL_CONVERSION = YES;
				CLANG_WARN_COMMA = YES;
				CLANG_WARN_CONSTANT_CONVERSION = YES;
				CLANG_WARN_DEPRECATED_OBJC_IMPLEMENTATIONS = YES;
				CLANG_WARN_DIRECT_OBJC_ISA_USAGE = YES_ERROR;
				CLANG_WARN_DOCUMENTATION_COMMENTS = YES;
				CLANG_WARN_EMPTY_BODY = YES;
				CLANG_WARN_ENUM_CONVERSION = YES;
				CLANG_WARN_INFINITE_RECURSION = YES;
				CLANG_WARN_INT_CONVERSION = YES;
				CLANG_WARN_NON_LITERAL_NULL_CONVERSION = YES;
				CLANG_WARN_OBJC_IMPLICIT_RETAIN_SELF = YES;
				CLANG_WARN_OBJC_LITERAL_CONVERSION = YES;
				CLANG_WARN_OBJC_ROOT_CLASS = YES_ERROR;
				CLANG_WARN_QUOTED_INCLUDE_IN_FRAMEWORK_HEADER = YES;
				CLANG_WARN_RANGE_LOOP_ANALYSIS = YES;
				CLANG_WARN_STRICT_PROTOTYPES = YES;
				CLANG_WARN_SUSPICIOUS_MOVE = YES;
				CLANG_WARN_UNGUARDED_AVAILABILITY = YES_AGGRESSIVE;
				CLANG_WARN_UNREACHABLE_CODE = YES;
				CLANG_WARN__DUPLICATE_METHOD_MATCH = YES;
				COPY_PHASE_STRIP = NO;
				DEBUG_INFORMATION_FORMAT = dwarf;
				ENABLE_STRICT_OBJC_MSGSEND = YES;
				ENABLE_TESTABILITY = YES;
				GCC_C_LANGUAGE_STANDARD = gnu11;
				GCC_DYNAMIC_NO_PIC = NO;
				GCC_NO_COMMON_BLOCKS = YES;
				GCC_OPTIMIZATION_LEVEL = 0;
				GCC_PREPROCESSOR_DEFINITIONS = (
					"DEBUG=1",
					"$(inherited)",
				);
				GCC_WARN_64_TO_32_BIT_CONVERSION = YES;
				GCC_WARN_ABOUT_RETURN_TYPE = YES_ERROR;
				GCC_WARN_UNDECLARED_SELECTOR = YES;
				GCC_WARN_UNINITIALIZED_AUTOS = YES_AGGRESSIVE;
				GCC_WARN_UNUSED_FUNCTION = YES;
				GCC_WARN_UNUSED_VARIABLE = YES;
				IPHONEOS_DEPLOYMENT_TARGET = 15.5;
				MTL_ENABLE_DEBUG_INFO = INCLUDE_SOURCE;
				MTL_FAST_MATH = YES;
				ONLY_ACTIVE_ARCH = YES;
				SDKROOT = iphoneos;
				SWIFT_ACTIVE_COMPILATION_CONDITIONS = DEBUG;
				SWIFT_OPTIMIZATION_LEVEL = "-Onone";
			};
			name = Debug;
		};
		73E6E3F628CDCB6800A147A5 /* Release */ = {
			isa = XCBuildConfiguration;
			buildSettings = {
				ALWAYS_SEARCH_USER_PATHS = NO;
				CLANG_ANALYZER_NONNULL = YES;
				CLANG_ANALYZER_NUMBER_OBJECT_CONVERSION = YES_AGGRESSIVE;
				CLANG_CXX_LANGUAGE_STANDARD = "gnu++17";
				CLANG_ENABLE_MODULES = YES;
				CLANG_ENABLE_OBJC_ARC = YES;
				CLANG_ENABLE_OBJC_WEAK = YES;
				CLANG_WARN_BLOCK_CAPTURE_AUTORELEASING = YES;
				CLANG_WARN_BOOL_CONVERSION = YES;
				CLANG_WARN_COMMA = YES;
				CLANG_WARN_CONSTANT_CONVERSION = YES;
				CLANG_WARN_DEPRECATED_OBJC_IMPLEMENTATIONS = YES;
				CLANG_WARN_DIRECT_OBJC_ISA_USAGE = YES_ERROR;
				CLANG_WARN_DOCUMENTATION_COMMENTS = YES;
				CLANG_WARN_EMPTY_BODY = YES;
				CLANG_WARN_ENUM_CONVERSION = YES;
				CLANG_WARN_INFINITE_RECURSION = YES;
				CLANG_WARN_INT_CONVERSION = YES;
				CLANG_WARN_NON_LITERAL_NULL_CONVERSION = YES;
				CLANG_WARN_OBJC_IMPLICIT_RETAIN_SELF = YES;
				CLANG_WARN_OBJC_LITERAL_CONVERSION = YES;
				CLANG_WARN_OBJC_ROOT_CLASS = YES_ERROR;
				CLANG_WARN_QUOTED_INCLUDE_IN_FRAMEWORK_HEADER = YES;
				CLANG_WARN_RANGE_LOOP_ANALYSIS = YES;
				CLANG_WARN_STRICT_PROTOTYPES = YES;
				CLANG_WARN_SUSPICIOUS_MOVE = YES;
				CLANG_WARN_UNGUARDED_AVAILABILITY = YES_AGGRESSIVE;
				CLANG_WARN_UNREACHABLE_CODE = YES;
				CLANG_WARN__DUPLICATE_METHOD_MATCH = YES;
				COPY_PHASE_STRIP = NO;
				DEBUG_INFORMATION_FORMAT = "dwarf-with-dsym";
				ENABLE_NS_ASSERTIONS = NO;
				ENABLE_STRICT_OBJC_MSGSEND = YES;
				GCC_C_LANGUAGE_STANDARD = gnu11;
				GCC_NO_COMMON_BLOCKS = YES;
				GCC_WARN_64_TO_32_BIT_CONVERSION = YES;
				GCC_WARN_ABOUT_RETURN_TYPE = YES_ERROR;
				GCC_WARN_UNDECLARED_SELECTOR = YES;
				GCC_WARN_UNINITIALIZED_AUTOS = YES_AGGRESSIVE;
				GCC_WARN_UNUSED_FUNCTION = YES;
				GCC_WARN_UNUSED_VARIABLE = YES;
				IPHONEOS_DEPLOYMENT_TARGET = 15.5;
				MTL_ENABLE_DEBUG_INFO = NO;
				MTL_FAST_MATH = YES;
				SDKROOT = iphoneos;
				SWIFT_COMPILATION_MODE = wholemodule;
				SWIFT_OPTIMIZATION_LEVEL = "-O";
				VALIDATE_PRODUCT = YES;
			};
			name = Release;
		};
		73E6E3F828CDCB6800A147A5 /* Debug */ = {
			isa = XCBuildConfiguration;
			baseConfigurationReference = 1828238C86B6F7C6018D289F /* Pods-MyCalendar.debug.xcconfig */;
			buildSettings = {
				ASSETCATALOG_COMPILER_APPICON_NAME = AppIcon;
				ASSETCATALOG_COMPILER_GLOBAL_ACCENT_COLOR_NAME = AccentColor;
				CODE_SIGN_STYLE = Automatic;
				CURRENT_PROJECT_VERSION = 1;
				DEVELOPMENT_TEAM = 38AL7RMTPN;
				GENERATE_INFOPLIST_FILE = YES;
				INFOPLIST_FILE = MyCalendar/Info.plist;
				INFOPLIST_KEY_UIApplicationSupportsIndirectInputEvents = YES;
				INFOPLIST_KEY_UILaunchStoryboardName = LaunchScreen;
				INFOPLIST_KEY_UIMainStoryboardFile = Main;
				INFOPLIST_KEY_UISupportedInterfaceOrientations_iPad = "UIInterfaceOrientationPortrait UIInterfaceOrientationPortraitUpsideDown UIInterfaceOrientationLandscapeLeft UIInterfaceOrientationLandscapeRight";
				INFOPLIST_KEY_UISupportedInterfaceOrientations_iPhone = "UIInterfaceOrientationPortrait UIInterfaceOrientationLandscapeLeft UIInterfaceOrientationLandscapeRight";
				LD_RUNPATH_SEARCH_PATHS = (
					"$(inherited)",
					"@executable_path/Frameworks",
				);
				MARKETING_VERSION = 1.0;
				PRODUCT_BUNDLE_IDENTIFIER = wogh978.MyCalendar;
				PRODUCT_NAME = "$(TARGET_NAME)";
				SWIFT_EMIT_LOC_STRINGS = YES;
				SWIFT_VERSION = 5.0;
				TARGETED_DEVICE_FAMILY = "1,2";
			};
			name = Debug;
		};
		73E6E3F928CDCB6800A147A5 /* Release */ = {
			isa = XCBuildConfiguration;
			baseConfigurationReference = A6EE47853709371CF5D75C8B /* Pods-MyCalendar.release.xcconfig */;
			buildSettings = {
				ASSETCATALOG_COMPILER_APPICON_NAME = AppIcon;
				ASSETCATALOG_COMPILER_GLOBAL_ACCENT_COLOR_NAME = AccentColor;
				CODE_SIGN_STYLE = Automatic;
				CURRENT_PROJECT_VERSION = 1;
				DEVELOPMENT_TEAM = 38AL7RMTPN;
				GENERATE_INFOPLIST_FILE = YES;
				INFOPLIST_FILE = MyCalendar/Info.plist;
				INFOPLIST_KEY_UIApplicationSupportsIndirectInputEvents = YES;
				INFOPLIST_KEY_UILaunchStoryboardName = LaunchScreen;
				INFOPLIST_KEY_UIMainStoryboardFile = Main;
				INFOPLIST_KEY_UISupportedInterfaceOrientations_iPad = "UIInterfaceOrientationPortrait UIInterfaceOrientationPortraitUpsideDown UIInterfaceOrientationLandscapeLeft UIInterfaceOrientationLandscapeRight";
				INFOPLIST_KEY_UISupportedInterfaceOrientations_iPhone = "UIInterfaceOrientationPortrait UIInterfaceOrientationLandscapeLeft UIInterfaceOrientationLandscapeRight";
				LD_RUNPATH_SEARCH_PATHS = (
					"$(inherited)",
					"@executable_path/Frameworks",
				);
				MARKETING_VERSION = 1.0;
				PRODUCT_BUNDLE_IDENTIFIER = wogh978.MyCalendar;
				PRODUCT_NAME = "$(TARGET_NAME)";
				SWIFT_EMIT_LOC_STRINGS = YES;
				SWIFT_VERSION = 5.0;
				TARGETED_DEVICE_FAMILY = "1,2";
			};
			name = Release;
		};
/* End XCBuildConfiguration section */

/* Begin XCConfigurationList section */
		73E6E3DE28CDCB6700A147A5 /* Build configuration list for PBXProject "MyCalendar" */ = {
			isa = XCConfigurationList;
			buildConfigurations = (
				73E6E3F528CDCB6800A147A5 /* Debug */,
				73E6E3F628CDCB6800A147A5 /* Release */,
			);
			defaultConfigurationIsVisible = 0;
			defaultConfigurationName = Release;
		};
		73E6E3F728CDCB6800A147A5 /* Build configuration list for PBXNativeTarget "MyCalendar" */ = {
			isa = XCConfigurationList;
			buildConfigurations = (
				73E6E3F828CDCB6800A147A5 /* Debug */,
				73E6E3F928CDCB6800A147A5 /* Release */,
			);
			defaultConfigurationIsVisible = 0;
			defaultConfigurationName = Release;
		};
/* End XCConfigurationList section */
	};
	rootObject = 73E6E3DB28CDCB6700A147A5 /* Project object */;
}
